
Microsoft Visual Studio Solution File, Format Version 12.00
# Visual Studio Version 17
VisualStudioVersion = 17.0.31903.59
MinimumVisualStudioVersion = 10.0.40219.1
Project("{2150E333-8FDC-42A3-9474-1A3956D46DE8}") = "src", "src", "{A7FA9AD9-AA6A-4B77-BA19-2804075D3DD2}"
EndProject
Project("{FAE04EC0-301F-11D3-BF4B-00C04F79EFBC}") = "CustomerImporter.Desktop", "src\CustomerImporter.Desktop\CustomerImporter.Desktop.csproj", "{FDA51BF7-F308-4D88-BB7F-BB5CB2FBF0EE}"
EndProject
Project("{FAE04EC0-301F-11D3-BF4B-00C04F79EFBC}") = "CustomerImporter.Api", "src\CustomerImporter.Api\CustomerImporter.Api.csproj", "{0CFFA981-ADB4-46C9-A5DD-E1D0DA3CB918}"
EndProject
Project("{FAE04EC0-301F-11D3-BF4B-00C04F79EFBC}") = "CustomerImporter.Core", "src\CustomerImporter.Core\CustomerImporter.Core.csproj", "{C7A55F46-A9A2-4CD5-B939-DDEFE328DDD0}"
EndProject
Project("{FAE04EC0-301F-11D3-BF4B-00C04F79EFBC}") = "CustomerImporter.Core.Tests", "src\CustomerImporter.Core.Tests\CustomerImporter.Core.Tests.csproj", "{4A437839-6C14-4BE1-B711-8739B39EE76C}"
EndProject
Project("{FAE04EC0-301F-11D3-BF4B-00C04F79EFBC}") = "CustomerImporter.Api.Tests", "src\CustomerImporter.Api.Tests\CustomerImporter.Api.Tests.csproj", "{595913A4-5114-49DA-8ACD-F88AD8FDB2ED}"
EndProject
Global
	GlobalSection(SolutionConfigurationPlatforms) = preSolution
		Debug|Any CPU = Debug|Any CPU
		Release|Any CPU = Release|Any CPU
	EndGlobalSection
	GlobalSection(SolutionProperties) = preSolution
		HideSolutionNode = FALSE
	EndGlobalSection
	GlobalSection(ProjectConfigurationPlatforms) = postSolution
		{FDA51BF7-F308-4D88-BB7F-BB5CB2FBF0EE}.Debug|Any CPU.ActiveCfg = Debug|Any CPU
		{FDA51BF7-F308-4D88-BB7F-BB5CB2FBF0EE}.Debug|Any CPU.Build.0 = Debug|Any CPU
		{FDA51BF7-F308-4D88-BB7F-BB5CB2FBF0EE}.Release|Any CPU.ActiveCfg = Release|Any CPU
		{FDA51BF7-F308-4D88-BB7F-BB5CB2FBF0EE}.Release|Any CPU.Build.0 = Release|Any CPU
		{0CFFA981-ADB4-46C9-A5DD-E1D0DA3CB918}.Debug|Any CPU.ActiveCfg = Debug|Any CPU
		{0CFFA981-ADB4-46C9-A5DD-E1D0DA3CB918}.Debug|Any CPU.Build.0 = Debug|Any CPU
		{0CFFA981-ADB4-46C9-A5DD-E1D0DA3CB918}.Release|Any CPU.ActiveCfg = Release|Any CPU
		{0CFFA981-ADB4-46C9-A5DD-E1D0DA3CB918}.Release|Any CPU.Build.0 = Release|Any CPU
		{C7A55F46-A9A2-4CD5-B939-DDEFE328DDD0}.Debug|Any CPU.ActiveCfg = Debug|Any CPU
		{C7A55F46-A9A2-4CD5-B939-DDEFE328DDD0}.Debug|Any CPU.Build.0 = Debug|Any CPU
		{C7A55F46-A9A2-4CD5-B939-DDEFE328DDD0}.Release|Any CPU.ActiveCfg = Release|Any CPU
		{C7A55F46-A9A2-4CD5-B939-DDEFE328DDD0}.Release|Any CPU.Build.0 = Release|Any CPU
		{4A437839-6C14-4BE1-B711-8739B39EE76C}.Debug|Any CPU.ActiveCfg = Debug|Any CPU
		{4A437839-6C14-4BE1-B711-8739B39EE76C}.Debug|Any CPU.Build.0 = Debug|Any CPU
		{4A437839-6C14-4BE1-B711-8739B39EE76C}.Release|Any CPU.ActiveCfg = Release|Any CPU
		{4A437839-6C14-4BE1-B711-8739B39EE76C}.Release|Any CPU.Build.0 = Release|Any CPU
		{595913A4-5114-49DA-8ACD-F88AD8FDB2ED}.Debug|Any CPU.ActiveCfg = Debug|Any CPU
		{595913A4-5114-49DA-8ACD-F88AD8FDB2ED}.Debug|Any CPU.Build.0 = Debug|Any CPU
		{595913A4-5114-49DA-8ACD-F88AD8FDB2ED}.Release|Any CPU.ActiveCfg = Release|Any CPU
		{595913A4-5114-49DA-8ACD-F88AD8FDB2ED}.Release|Any CPU.Build.0 = Release|Any CPU
	EndGlobalSection
	GlobalSection(NestedProjects) = preSolution
		{FDA51BF7-F308-4D88-BB7F-BB5CB2FBF0EE} = {A7FA9AD9-AA6A-4B77-BA19-2804075D3DD2}
		{0CFFA981-ADB4-46C9-A5DD-E1D0DA3CB918} = {A7FA9AD9-AA6A-4B77-BA19-2804075D3DD2}
		{C7A55F46-A9A2-4CD5-B939-DDEFE328DDD0} = {A7FA9AD9-AA6A-4B77-BA19-2804075D3DD2}
		{4A437839-6C14-4BE1-B711-8739B39EE76C} = {A7FA9AD9-AA6A-4B77-BA19-2804075D3DD2}
		{595913A4-5114-49DA-8ACD-F88AD8FDB2ED} = {A7FA9AD9-AA6A-4B77-BA19-2804075D3DD2}
	EndGlobalSection
EndGlobal
